
Microsoft Visual Studio Solution File, Format Version 12.00
# Visual Studio Version 17
VisualStudioVersion = 17.0.31903.59
MinimumVisualStudioVersion = 10.0.40219.1
Project("{2150E333-8FDC-42A3-9474-1A3956D46DE8}") = "src", "src", "{827E0CD3-B72D-47B6-A68D-7590B98EB39B}"
	ProjectSection(SolutionItems) = preProject
		src\Api\Api.http = src\Api\Api.http
		src\Api\obj\Api.csproj.nuget.dgspec.json = src\Api\obj\Api.csproj.nuget.dgspec.json
		src\Api\obj\Api.csproj.nuget.g.props = src\Api\obj\Api.csproj.nuget.g.props
		src\Api\obj\Api.csproj.nuget.g.targets = src\Api\obj\Api.csproj.nuget.g.targets
	EndProjectSection
EndProject
Project("{FAE04EC0-301F-11D3-BF4B-00C04F79EFBC}") = "Infrastructure", "src\Infrastructure\Infrastructure.csproj", "{BFAFBB4F-5D5D-4AE0-B0ED-0302247D3174}"
EndProject
Project("{FAE04EC0-301F-11D3-BF4B-00C04F79EFBC}") = "Application", "src\Application\Application.csproj", "{06263CFA-ED6C-4EBD-A4B1-AE0454A4A694}"
EndProject
Project("{FAE04EC0-301F-11D3-BF4B-00C04F79EFBC}") = "Domain", "src\Domain\Domain.csproj", "{F1DFDA33-ACEB-4B38-99A7-4C9F71BBEF5F}"
EndProject
Project("{FAE04EC0-301F-11D3-BF4B-00C04F79EFBC}") = "Api", "src\Api\Api.csproj", "{957EC177-639A-40AF-A525-93FD5410A542}"
EndProject
Project("{2150E333-8FDC-42A3-9474-1A3956D46DE8}") = "tests", "tests", "{0AB3BF05-4346-4AA6-1389-037BE0695223}"
EndProject
Project("{FAE04EC0-301F-11D3-BF4B-00C04F79EFBC}") = "Application.Tests", "tests\Application.Tests\Application.Tests.csproj", "{EF10B43B-C7DF-4CAB-8010-87A32A8F088B}"
EndProject
Project("{2150E333-8FDC-42A3-9474-1A3956D46DE8}") = "Solution Items", "Solution Items", "{4362C8CA-D32C-4AF2-B239-B028CDD31C88}"
	ProjectSection(SolutionItems) = preProject
		compose.yaml = compose.yaml
	EndProjectSection
EndProject
Global
	GlobalSection(SolutionConfigurationPlatforms) = preSolution
		Debug|Any CPU = Debug|Any CPU
		Debug|x64 = Debug|x64
		Debug|x86 = Debug|x86
		Release|Any CPU = Release|Any CPU
		Release|x64 = Release|x64
		Release|x86 = Release|x86
	EndGlobalSection
	GlobalSection(ProjectConfigurationPlatforms) = postSolution
		{BFAFBB4F-5D5D-4AE0-B0ED-0302247D3174}.Debug|Any CPU.ActiveCfg = Debug|Any CPU
		{BFAFBB4F-5D5D-4AE0-B0ED-0302247D3174}.Debug|Any CPU.Build.0 = Debug|Any CPU
		{BFAFBB4F-5D5D-4AE0-B0ED-0302247D3174}.Debug|x64.ActiveCfg = Debug|Any CPU
		{BFAFBB4F-5D5D-4AE0-B0ED-0302247D3174}.Debug|x64.Build.0 = Debug|Any CPU
		{BFAFBB4F-5D5D-4AE0-B0ED-0302247D3174}.Debug|x86.ActiveCfg = Debug|Any CPU
		{BFAFBB4F-5D5D-4AE0-B0ED-0302247D3174}.Debug|x86.Build.0 = Debug|Any CPU
		{BFAFBB4F-5D5D-4AE0-B0ED-0302247D3174}.Release|Any CPU.ActiveCfg = Release|Any CPU
		{BFAFBB4F-5D5D-4AE0-B0ED-0302247D3174}.Release|Any CPU.Build.0 = Release|Any CPU
		{BFAFBB4F-5D5D-4AE0-B0ED-0302247D3174}.Release|x64.ActiveCfg = Release|Any CPU
		{BFAFBB4F-5D5D-4AE0-B0ED-0302247D3174}.Release|x64.Build.0 = Release|Any CPU
		{BFAFBB4F-5D5D-4AE0-B0ED-0302247D3174}.Release|x86.ActiveCfg = Release|Any CPU
		{BFAFBB4F-5D5D-4AE0-B0ED-0302247D3174}.Release|x86.Build.0 = Release|Any CPU
		{06263CFA-ED6C-4EBD-A4B1-AE0454A4A694}.Debug|Any CPU.ActiveCfg = Debug|Any CPU
		{06263CFA-ED6C-4EBD-A4B1-AE0454A4A694}.Debug|Any CPU.Build.0 = Debug|Any CPU
		{06263CFA-ED6C-4EBD-A4B1-AE0454A4A694}.Debug|x64.ActiveCfg = Debug|Any CPU
		{06263CFA-ED6C-4EBD-A4B1-AE0454A4A694}.Debug|x64.Build.0 = Debug|Any CPU
		{06263CFA-ED6C-4EBD-A4B1-AE0454A4A694}.Debug|x86.ActiveCfg = Debug|Any CPU
		{06263CFA-ED6C-4EBD-A4B1-AE0454A4A694}.Debug|x86.Build.0 = Debug|Any CPU
		{06263CFA-ED6C-4EBD-A4B1-AE0454A4A694}.Release|Any CPU.ActiveCfg = Release|Any CPU
		{06263CFA-ED6C-4EBD-A4B1-AE0454A4A694}.Release|Any CPU.Build.0 = Release|Any CPU
		{06263CFA-ED6C-4EBD-A4B1-AE0454A4A694}.Release|x64.ActiveCfg = Release|Any CPU
		{06263CFA-ED6C-4EBD-A4B1-AE0454A4A694}.Release|x64.Build.0 = Release|Any CPU
		{06263CFA-ED6C-4EBD-A4B1-AE0454A4A694}.Release|x86.ActiveCfg = Release|Any CPU
		{06263CFA-ED6C-4EBD-A4B1-AE0454A4A694}.Release|x86.Build.0 = Release|Any CPU
		{F1DFDA33-ACEB-4B38-99A7-4C9F71BBEF5F}.Debug|Any CPU.ActiveCfg = Debug|Any CPU
		{F1DFDA33-ACEB-4B38-99A7-4C9F71BBEF5F}.Debug|Any CPU.Build.0 = Debug|Any CPU
		{F1DFDA33-ACEB-4B38-99A7-4C9F71BBEF5F}.Debug|x64.ActiveCfg = Debug|Any CPU
		{F1DFDA33-ACEB-4B38-99A7-4C9F71BBEF5F}.Debug|x64.Build.0 = Debug|Any CPU
		{F1DFDA33-ACEB-4B38-99A7-4C9F71BBEF5F}.Debug|x86.ActiveCfg = Debug|Any CPU
		{F1DFDA33-ACEB-4B38-99A7-4C9F71BBEF5F}.Debug|x86.Build.0 = Debug|Any CPU
		{F1DFDA33-ACEB-4B38-99A7-4C9F71BBEF5F}.Release|Any CPU.ActiveCfg = Release|Any CPU
		{F1DFDA33-ACEB-4B38-99A7-4C9F71BBEF5F}.Release|Any CPU.Build.0 = Release|Any CPU
		{F1DFDA33-ACEB-4B38-99A7-4C9F71BBEF5F}.Release|x64.ActiveCfg = Release|Any CPU
		{F1DFDA33-ACEB-4B38-99A7-4C9F71BBEF5F}.Release|x64.Build.0 = Release|Any CPU
		{F1DFDA33-ACEB-4B38-99A7-4C9F71BBEF5F}.Release|x86.ActiveCfg = Release|Any CPU
		{F1DFDA33-ACEB-4B38-99A7-4C9F71BBEF5F}.Release|x86.Build.0 = Release|Any CPU
		{957EC177-639A-40AF-A525-93FD5410A542}.Debug|Any CPU.ActiveCfg = Debug|Any CPU
		{957EC177-639A-40AF-A525-93FD5410A542}.Debug|Any CPU.Build.0 = Debug|Any CPU
		{957EC177-639A-40AF-A525-93FD5410A542}.Debug|x64.ActiveCfg = Debug|Any CPU
		{957EC177-639A-40AF-A525-93FD5410A542}.Debug|x64.Build.0 = Debug|Any CPU
		{957EC177-639A-40AF-A525-93FD5410A542}.Debug|x86.ActiveCfg = Debug|Any CPU
		{957EC177-639A-40AF-A525-93FD5410A542}.Debug|x86.Build.0 = Debug|Any CPU
		{957EC177-639A-40AF-A525-93FD5410A542}.Release|Any CPU.ActiveCfg = Release|Any CPU
		{957EC177-639A-40AF-A525-93FD5410A542}.Release|Any CPU.Build.0 = Release|Any CPU
		{957EC177-639A-40AF-A525-93FD5410A542}.Release|x64.ActiveCfg = Release|Any CPU
		{957EC177-639A-40AF-A525-93FD5410A542}.Release|x64.Build.0 = Release|Any CPU
		{957EC177-639A-40AF-A525-93FD5410A542}.Release|x86.ActiveCfg = Release|Any CPU
		{957EC177-639A-40AF-A525-93FD5410A542}.Release|x86.Build.0 = Release|Any CPU
		{EF10B43B-C7DF-4CAB-8010-87A32A8F088B}.Debug|Any CPU.ActiveCfg = Debug|Any CPU
		{EF10B43B-C7DF-4CAB-8010-87A32A8F088B}.Debug|Any CPU.Build.0 = Debug|Any CPU
		{EF10B43B-C7DF-4CAB-8010-87A32A8F088B}.Debug|x64.ActiveCfg = Debug|Any CPU
		{EF10B43B-C7DF-4CAB-8010-87A32A8F088B}.Debug|x64.Build.0 = Debug|Any CPU
		{EF10B43B-C7DF-4CAB-8010-87A32A8F088B}.Debug|x86.ActiveCfg = Debug|Any CPU
		{EF10B43B-C7DF-4CAB-8010-87A32A8F088B}.Debug|x86.Build.0 = Debug|Any CPU
		{EF10B43B-C7DF-4CAB-8010-87A32A8F088B}.Release|Any CPU.ActiveCfg = Release|Any CPU
		{EF10B43B-C7DF-4CAB-8010-87A32A8F088B}.Release|Any CPU.Build.0 = Release|Any CPU
		{EF10B43B-C7DF-4CAB-8010-87A32A8F088B}.Release|x64.ActiveCfg = Release|Any CPU
		{EF10B43B-C7DF-4CAB-8010-87A32A8F088B}.Release|x64.Build.0 = Release|Any CPU
		{EF10B43B-C7DF-4CAB-8010-87A32A8F088B}.Release|x86.ActiveCfg = Release|Any CPU
		{EF10B43B-C7DF-4CAB-8010-87A32A8F088B}.Release|x86.Build.0 = Release|Any CPU
	EndGlobalSection
	GlobalSection(SolutionProperties) = preSolution
		HideSolutionNode = FALSE
	EndGlobalSection
	GlobalSection(NestedProjects) = preSolution
		{BFAFBB4F-5D5D-4AE0-B0ED-0302247D3174} = {827E0CD3-B72D-47B6-A68D-7590B98EB39B}
		{06263CFA-ED6C-4EBD-A4B1-AE0454A4A694} = {827E0CD3-B72D-47B6-A68D-7590B98EB39B}
		{F1DFDA33-ACEB-4B38-99A7-4C9F71BBEF5F} = {827E0CD3-B72D-47B6-A68D-7590B98EB39B}
		{957EC177-639A-40AF-A525-93FD5410A542} = {827E0CD3-B72D-47B6-A68D-7590B98EB39B}
		{EF10B43B-C7DF-4CAB-8010-87A32A8F088B} = {0AB3BF05-4346-4AA6-1389-037BE0695223}
	EndGlobalSection
EndGlobal
